// !$*UTF8*$!
{
	archiveVersion = 1;
	classes = {
	};
	objectVersion = 55;
	objects = {

/* Begin PBXBuildFile section */
		A058580927D1EA2F007EDE73 /* AnimeQuotesApp.swift in Sources */ = {isa = PBXBuildFile; fileRef = A05857F927D1EA2F007EDE73 /* AnimeQuotesApp.swift */; };
		A058580A27D1EA2F007EDE73 /* AnimeQuotesApp.swift in Sources */ = {isa = PBXBuildFile; fileRef = A05857F927D1EA2F007EDE73 /* AnimeQuotesApp.swift */; };
		A058580D27D1EA2F007EDE73 /* Assets.xcassets in Resources */ = {isa = PBXBuildFile; fileRef = A05857FB27D1EA2F007EDE73 /* Assets.xcassets */; };
		A058580E27D1EA2F007EDE73 /* Assets.xcassets in Resources */ = {isa = PBXBuildFile; fileRef = A05857FB27D1EA2F007EDE73 /* Assets.xcassets */; };
		A058581927D1EA5D007EDE73 /* APIConstants.swift in Sources */ = {isa = PBXBuildFile; fileRef = A058581827D1EA5D007EDE73 /* APIConstants.swift */; };
		A058581A27D1EA5F007EDE73 /* APIConstants.swift in Sources */ = {isa = PBXBuildFile; fileRef = A058581827D1EA5D007EDE73 /* APIConstants.swift */; };
		A058581E27D1EB2D007EDE73 /* Quote.swift in Sources */ = {isa = PBXBuildFile; fileRef = A058581D27D1EB2D007EDE73 /* Quote.swift */; };
		A058581F27D1EB2D007EDE73 /* Quote.swift in Sources */ = {isa = PBXBuildFile; fileRef = A058581D27D1EB2D007EDE73 /* Quote.swift */; };
		A058582327D1EC3C007EDE73 /* QuoteScreen.swift in Sources */ = {isa = PBXBuildFile; fileRef = A058582227D1EC3C007EDE73 /* QuoteScreen.swift */; };
		A058582427D1EC3C007EDE73 /* QuoteScreen.swift in Sources */ = {isa = PBXBuildFile; fileRef = A058582227D1EC3C007EDE73 /* QuoteScreen.swift */; };
		A058582727D1EE02007EDE73 /* QuoteView.swift in Sources */ = {isa = PBXBuildFile; fileRef = A058582627D1EE02007EDE73 /* QuoteView.swift */; };
		A058582827D1EE02007EDE73 /* QuoteView.swift in Sources */ = {isa = PBXBuildFile; fileRef = A058582627D1EE02007EDE73 /* QuoteView.swift */; };
		A058582B27D1EEE6007EDE73 /* QoutesService.swift in Sources */ = {isa = PBXBuildFile; fileRef = A058582A27D1EEE6007EDE73 /* QoutesService.swift */; };
		A058582C27D1EEE6007EDE73 /* QoutesService.swift in Sources */ = {isa = PBXBuildFile; fileRef = A058582A27D1EEE6007EDE73 /* QoutesService.swift */; };
		A058582F27D1EF8F007EDE73 /* QuotesViewModel.swift in Sources */ = {isa = PBXBuildFile; fileRef = A058582E27D1EF8F007EDE73 /* QuotesViewModel.swift */; };
		A058583027D1EF8F007EDE73 /* QuotesViewModel.swift in Sources */ = {isa = PBXBuildFile; fileRef = A058582E27D1EF8F007EDE73 /* QuotesViewModel.swift */; };
		A058583327D1F296007EDE73 /* IteoLogger in Frameworks */ = {isa = PBXBuildFile; productRef = A058583227D1F296007EDE73 /* IteoLogger */; };
		A058583B27D1F609007EDE73 /* LoadingView.swift in Sources */ = {isa = PBXBuildFile; fileRef = A058583A27D1F609007EDE73 /* LoadingView.swift */; };
		A058583C27D1F609007EDE73 /* LoadingView.swift in Sources */ = {isa = PBXBuildFile; fileRef = A058583A27D1F609007EDE73 /* LoadingView.swift */; };
		A058583E27D2070E007EDE73 /* PagingData.swift in Sources */ = {isa = PBXBuildFile; fileRef = A058583D27D2070E007EDE73 /* PagingData.swift */; };
		A058583F27D2070E007EDE73 /* PagingData.swift in Sources */ = {isa = PBXBuildFile; fileRef = A058583D27D2070E007EDE73 /* PagingData.swift */; };
		A058584427D3410A007EDE73 /* Credentials.swift in Sources */ = {isa = PBXBuildFile; fileRef = A058584327D3410A007EDE73 /* Credentials.swift */; };
		A058584527D3410A007EDE73 /* Credentials.swift in Sources */ = {isa = PBXBuildFile; fileRef = A058584327D3410A007EDE73 /* Credentials.swift */; };
		A058584927D34164007EDE73 /* AuthService.swift in Sources */ = {isa = PBXBuildFile; fileRef = A058584827D34164007EDE73 /* AuthService.swift */; };
		A058584A27D34164007EDE73 /* AuthService.swift in Sources */ = {isa = PBXBuildFile; fileRef = A058584827D34164007EDE73 /* AuthService.swift */; };
		A058585127D34439007EDE73 /* LoginViewModel.swift in Sources */ = {isa = PBXBuildFile; fileRef = A058585027D34439007EDE73 /* LoginViewModel.swift */; };
		A058585227D34439007EDE73 /* LoginViewModel.swift in Sources */ = {isa = PBXBuildFile; fileRef = A058585027D34439007EDE73 /* LoginViewModel.swift */; };
		A058585527D34760007EDE73 /* LoginScreen.swift in Sources */ = {isa = PBXBuildFile; fileRef = A058585427D34760007EDE73 /* LoginScreen.swift */; };
		A058585627D34760007EDE73 /* LoginScreen.swift in Sources */ = {isa = PBXBuildFile; fileRef = A058585427D34760007EDE73 /* LoginScreen.swift */; };
		A058585927D34B58007EDE73 /* AuthenticationViewModel.swift in Sources */ = {isa = PBXBuildFile; fileRef = A058585827D34B58007EDE73 /* AuthenticationViewModel.swift */; };
		A058585A27D34B58007EDE73 /* AuthenticationViewModel.swift in Sources */ = {isa = PBXBuildFile; fileRef = A058585827D34B58007EDE73 /* AuthenticationViewModel.swift */; };
/* End PBXBuildFile section */

/* Begin PBXFileReference section */
		A05857F927D1EA2F007EDE73 /* AnimeQuotesApp.swift */ = {isa = PBXFileReference; lastKnownFileType = sourcecode.swift; path = AnimeQuotesApp.swift; sourceTree = "<group>"; };
		A05857FB27D1EA2F007EDE73 /* Assets.xcassets */ = {isa = PBXFileReference; lastKnownFileType = folder.assetcatalog; path = Assets.xcassets; sourceTree = "<group>"; };
		A058580027D1EA2F007EDE73 /* Anime-Quotes.app */ = {isa = PBXFileReference; explicitFileType = wrapper.application; includeInIndex = 0; path = "Anime-Quotes.app"; sourceTree = BUILT_PRODUCTS_DIR; };
		A058580627D1EA2F007EDE73 /* Anime-Quotes.app */ = {isa = PBXFileReference; explicitFileType = wrapper.application; includeInIndex = 0; path = "Anime-Quotes.app"; sourceTree = BUILT_PRODUCTS_DIR; };
		A058580827D1EA2F007EDE73 /* macOS.entitlements */ = {isa = PBXFileReference; lastKnownFileType = text.plist.entitlements; path = macOS.entitlements; sourceTree = "<group>"; };
		A058581827D1EA5D007EDE73 /* APIConstants.swift */ = {isa = PBXFileReference; lastKnownFileType = sourcecode.swift; path = APIConstants.swift; sourceTree = "<group>"; };
		A058581D27D1EB2D007EDE73 /* Quote.swift */ = {isa = PBXFileReference; lastKnownFileType = sourcecode.swift; path = Quote.swift; sourceTree = "<group>"; };
		A058582227D1EC3C007EDE73 /* QuoteScreen.swift */ = {isa = PBXFileReference; lastKnownFileType = sourcecode.swift; path = QuoteScreen.swift; sourceTree = "<group>"; };
		A058582627D1EE02007EDE73 /* QuoteView.swift */ = {isa = PBXFileReference; lastKnownFileType = sourcecode.swift; path = QuoteView.swift; sourceTree = "<group>"; };
		A058582A27D1EEE6007EDE73 /* QoutesService.swift */ = {isa = PBXFileReference; lastKnownFileType = sourcecode.swift; path = QoutesService.swift; sourceTree = "<group>"; };
		A058582E27D1EF8F007EDE73 /* QuotesViewModel.swift */ = {isa = PBXFileReference; lastKnownFileType = sourcecode.swift; path = QuotesViewModel.swift; sourceTree = "<group>"; };
		A058583A27D1F609007EDE73 /* LoadingView.swift */ = {isa = PBXFileReference; lastKnownFileType = sourcecode.swift; path = LoadingView.swift; sourceTree = "<group>"; };
		A058583D27D2070E007EDE73 /* PagingData.swift */ = {isa = PBXFileReference; lastKnownFileType = sourcecode.swift; path = PagingData.swift; sourceTree = "<group>"; };
		A058584327D3410A007EDE73 /* Credentials.swift */ = {isa = PBXFileReference; lastKnownFileType = sourcecode.swift; path = Credentials.swift; sourceTree = "<group>"; };
		A058584827D34164007EDE73 /* AuthService.swift */ = {isa = PBXFileReference; lastKnownFileType = sourcecode.swift; path = AuthService.swift; sourceTree = "<group>"; };
		A058585027D34439007EDE73 /* LoginViewModel.swift */ = {isa = PBXFileReference; lastKnownFileType = sourcecode.swift; path = LoginViewModel.swift; sourceTree = "<group>"; };
		A058585427D34760007EDE73 /* LoginScreen.swift */ = {isa = PBXFileReference; lastKnownFileType = sourcecode.swift; path = LoginScreen.swift; sourceTree = "<group>"; };
		A058585827D34B58007EDE73 /* AuthenticationViewModel.swift */ = {isa = PBXFileReference; lastKnownFileType = sourcecode.swift; path = AuthenticationViewModel.swift; sourceTree = "<group>"; };
/* End PBXFileReference section */

/* Begin PBXFrameworksBuildPhase section */
		A05857FD27D1EA2F007EDE73 /* Frameworks */ = {
			isa = PBXFrameworksBuildPhase;
			buildActionMask = 2147483647;
			files = (
				A058583327D1F296007EDE73 /* IteoLogger in Frameworks */,
			);
			runOnlyForDeploymentPostprocessing = 0;
		};
		A058580327D1EA2F007EDE73 /* Frameworks */ = {
			isa = PBXFrameworksBuildPhase;
			buildActionMask = 2147483647;
			files = (
			);
			runOnlyForDeploymentPostprocessing = 0;
		};
/* End PBXFrameworksBuildPhase section */

/* Begin PBXGroup section */
		A05857F327D1EA2E007EDE73 = {
			isa = PBXGroup;
			children = (
				A05857F827D1EA2F007EDE73 /* Shared */,
				A058580727D1EA2F007EDE73 /* macOS */,
				A058580127D1EA2F007EDE73 /* Products */,
			);
			sourceTree = "<group>";
		};
		A05857F827D1EA2F007EDE73 /* Shared */ = {
			isa = PBXGroup;
			children = (
				A058583427D1F596007EDE73 /* Base */,
				A058581B27D1EB0F007EDE73 /* Features */,
				A058581727D1EA51007EDE73 /* Constants */,
				A05857F927D1EA2F007EDE73 /* AnimeQuotesApp.swift */,
				A05857FB27D1EA2F007EDE73 /* Assets.xcassets */,
			);
			path = Shared;
			sourceTree = "<group>";
		};
		A058580127D1EA2F007EDE73 /* Products */ = {
			isa = PBXGroup;
			children = (
				A058580027D1EA2F007EDE73 /* Anime-Quotes.app */,
				A058580627D1EA2F007EDE73 /* Anime-Quotes.app */,
			);
			name = Products;
			sourceTree = "<group>";
		};
		A058580727D1EA2F007EDE73 /* macOS */ = {
			isa = PBXGroup;
			children = (
				A058580827D1EA2F007EDE73 /* macOS.entitlements */,
			);
			path = macOS;
			sourceTree = "<group>";
		};
		A058581727D1EA51007EDE73 /* Constants */ = {
			isa = PBXGroup;
			children = (
				A058581827D1EA5D007EDE73 /* APIConstants.swift */,
			);
			path = Constants;
			sourceTree = "<group>";
		};
		A058581B27D1EB0F007EDE73 /* Features */ = {
			isa = PBXGroup;
			children = (
				A058584127D340FA007EDE73 /* Login */,
				A058581C27D1EB1A007EDE73 /* Quotes */,
			);
			path = Features;
			sourceTree = "<group>";
		};
		A058581C27D1EB1A007EDE73 /* Quotes */ = {
			isa = PBXGroup;
			children = (
				A058582D27D1EF79007EDE73 /* ViewModel */,
				A058582927D1EED6007EDE73 /* Service */,
				A058582527D1EDEE007EDE73 /* Views */,
				A058582127D1EC2F007EDE73 /* Screens */,
				A058582027D1EC27007EDE73 /* Model */,
			);
			path = Quotes;
			sourceTree = "<group>";
		};
		A058582027D1EC27007EDE73 /* Model */ = {
			isa = PBXGroup;
			children = (
				A058581D27D1EB2D007EDE73 /* Quote.swift */,
			);
			path = Model;
			sourceTree = "<group>";
		};
		A058582127D1EC2F007EDE73 /* Screens */ = {
			isa = PBXGroup;
			children = (
				A058582227D1EC3C007EDE73 /* QuoteScreen.swift */,
			);
			path = Screens;
			sourceTree = "<group>";
		};
		A058582527D1EDEE007EDE73 /* Views */ = {
			isa = PBXGroup;
			children = (
				A058582627D1EE02007EDE73 /* QuoteView.swift */,
			);
			path = Views;
			sourceTree = "<group>";
		};
		A058582927D1EED6007EDE73 /* Service */ = {
			isa = PBXGroup;
			children = (
				A058582A27D1EEE6007EDE73 /* QoutesService.swift */,
			);
			path = Service;
			sourceTree = "<group>";
		};
		A058582D27D1EF79007EDE73 /* ViewModel */ = {
			isa = PBXGroup;
			children = (
				A058582E27D1EF8F007EDE73 /* QuotesViewModel.swift */,
			);
			path = ViewModel;
			sourceTree = "<group>";
		};
		A058583427D1F596007EDE73 /* Base */ = {
			isa = PBXGroup;
			children = (
				A058585727D34B44007EDE73 /* ViewModels */,
				A058584027D20718007EDE73 /* Model */,
				A058583527D1F5EC007EDE73 /* Views */,
			);
			path = Base;
			sourceTree = "<group>";
		};
		A058583527D1F5EC007EDE73 /* Views */ = {
			isa = PBXGroup;
			children = (
				A058583627D1F5F3007EDE73 /* Loading */,
			);
			path = Views;
			sourceTree = "<group>";
		};
		A058583627D1F5F3007EDE73 /* Loading */ = {
			isa = PBXGroup;
			children = (
				A058583A27D1F609007EDE73 /* LoadingView.swift */,
			);
			path = Loading;
			sourceTree = "<group>";
		};
		A058584027D20718007EDE73 /* Model */ = {
			isa = PBXGroup;
			children = (
				A058583D27D2070E007EDE73 /* PagingData.swift */,
			);
			path = Model;
			sourceTree = "<group>";
		};
		A058584127D340FA007EDE73 /* Login */ = {
			isa = PBXGroup;
			children = (
				A058585327D346FB007EDE73 /* Screens */,
				A058584F27D3442D007EDE73 /* ViewModel */,
				A058584727D34157007EDE73 /* Service */,
				A058584227D340FF007EDE73 /* Model */,
			);
			path = Login;
			sourceTree = "<group>";
		};
		A058584227D340FF007EDE73 /* Model */ = {
			isa = PBXGroup;
			children = (
				A058584327D3410A007EDE73 /* Credentials.swift */,
			);
			path = Model;
			sourceTree = "<group>";
		};
		A058584727D34157007EDE73 /* Service */ = {
			isa = PBXGroup;
			children = (
				A058584827D34164007EDE73 /* AuthService.swift */,
			);
			path = Service;
			sourceTree = "<group>";
		};
		A058584F27D3442D007EDE73 /* ViewModel */ = {
			isa = PBXGroup;
			children = (
				A058585027D34439007EDE73 /* LoginViewModel.swift */,
			);
			path = ViewModel;
			sourceTree = "<group>";
		};
		A058585327D346FB007EDE73 /* Screens */ = {
			isa = PBXGroup;
			children = (
				A058585427D34760007EDE73 /* LoginScreen.swift */,
			);
			path = Screens;
			sourceTree = "<group>";
		};
		A058585727D34B44007EDE73 /* ViewModels */ = {
			isa = PBXGroup;
			children = (
				A058585827D34B58007EDE73 /* AuthenticationViewModel.swift */,
			);
			path = ViewModels;
			sourceTree = "<group>";
		};
/* End PBXGroup section */

/* Begin PBXNativeTarget section */
		A05857FF27D1EA2F007EDE73 /* Anime-Quotes (iOS) */ = {
			isa = PBXNativeTarget;
			buildConfigurationList = A058581127D1EA2F007EDE73 /* Build configuration list for PBXNativeTarget "Anime-Quotes (iOS)" */;
			buildPhases = (
				A05857FC27D1EA2F007EDE73 /* Sources */,
				A05857FD27D1EA2F007EDE73 /* Frameworks */,
				A05857FE27D1EA2F007EDE73 /* Resources */,
			);
			buildRules = (
			);
			dependencies = (
			);
			name = "Anime-Quotes (iOS)";
			packageProductDependencies = (
				A058583227D1F296007EDE73 /* IteoLogger */,
			);
			productName = "Anime-Quotes (iOS)";
			productReference = A058580027D1EA2F007EDE73 /* Anime-Quotes.app */;
			productType = "com.apple.product-type.application";
		};
		A058580527D1EA2F007EDE73 /* Anime-Quotes (macOS) */ = {
			isa = PBXNativeTarget;
			buildConfigurationList = A058581427D1EA2F007EDE73 /* Build configuration list for PBXNativeTarget "Anime-Quotes (macOS)" */;
			buildPhases = (
				A058580227D1EA2F007EDE73 /* Sources */,
				A058580327D1EA2F007EDE73 /* Frameworks */,
				A058580427D1EA2F007EDE73 /* Resources */,
			);
			buildRules = (
			);
			dependencies = (
			);
			name = "Anime-Quotes (macOS)";
			productName = "Anime-Quotes (macOS)";
			productReference = A058580627D1EA2F007EDE73 /* Anime-Quotes.app */;
			productType = "com.apple.product-type.application";
		};
/* End PBXNativeTarget section */

/* Begin PBXProject section */
		A05857F427D1EA2E007EDE73 /* Project object */ = {
			isa = PBXProject;
			attributes = {
				BuildIndependentTargetsInParallel = 1;
				LastSwiftUpdateCheck = 1320;
				LastUpgradeCheck = 1320;
				TargetAttributes = {
					A05857FF27D1EA2F007EDE73 = {
						CreatedOnToolsVersion = 13.2.1;
					};
					A058580527D1EA2F007EDE73 = {
						CreatedOnToolsVersion = 13.2.1;
					};
				};
			};
			buildConfigurationList = A05857F727D1EA2E007EDE73 /* Build configuration list for PBXProject "Anime-Quotes" */;
			compatibilityVersion = "Xcode 13.0";
			developmentRegion = en;
			hasScannedForEncodings = 0;
			knownRegions = (
				en,
				Base,
			);
			mainGroup = A05857F327D1EA2E007EDE73;
			packageReferences = (
				A058583127D1F296007EDE73 /* XCRemoteSwiftPackageReference "IteoLogger" */,
			);
			productRefGroup = A058580127D1EA2F007EDE73 /* Products */;
			projectDirPath = "";
			projectRoot = "";
			targets = (
				A05857FF27D1EA2F007EDE73 /* Anime-Quotes (iOS) */,
				A058580527D1EA2F007EDE73 /* Anime-Quotes (macOS) */,
			);
		};
/* End PBXProject section */

/* Begin PBXResourcesBuildPhase section */
		A05857FE27D1EA2F007EDE73 /* Resources */ = {
			isa = PBXResourcesBuildPhase;
			buildActionMask = 2147483647;
			files = (
				A058580D27D1EA2F007EDE73 /* Assets.xcassets in Resources */,
			);
			runOnlyForDeploymentPostprocessing = 0;
		};
		A058580427D1EA2F007EDE73 /* Resources */ = {
			isa = PBXResourcesBuildPhase;
			buildActionMask = 2147483647;
			files = (
				A058580E27D1EA2F007EDE73 /* Assets.xcassets in Resources */,
			);
			runOnlyForDeploymentPostprocessing = 0;
		};
/* End PBXResourcesBuildPhase section */

/* Begin PBXSourcesBuildPhase section */
		A05857FC27D1EA2F007EDE73 /* Sources */ = {
			isa = PBXSourcesBuildPhase;
			buildActionMask = 2147483647;
			files = (
				A058582327D1EC3C007EDE73 /* QuoteScreen.swift in Sources */,
				A058582B27D1EEE6007EDE73 /* QoutesService.swift in Sources */,
				A058584427D3410A007EDE73 /* Credentials.swift in Sources */,
				A058582727D1EE02007EDE73 /* QuoteView.swift in Sources */,
				A058581E27D1EB2D007EDE73 /* Quote.swift in Sources */,
				A058585927D34B58007EDE73 /* AuthenticationViewModel.swift in Sources */,
				A058584927D34164007EDE73 /* AuthService.swift in Sources */,
				A058582F27D1EF8F007EDE73 /* QuotesViewModel.swift in Sources */,
				A058585527D34760007EDE73 /* LoginScreen.swift in Sources */,
				A058585127D34439007EDE73 /* LoginViewModel.swift in Sources */,
				A058580927D1EA2F007EDE73 /* AnimeQuotesApp.swift in Sources */,
				A058583E27D2070E007EDE73 /* PagingData.swift in Sources */,
				A058581927D1EA5D007EDE73 /* APIConstants.swift in Sources */,
				A058583B27D1F609007EDE73 /* LoadingView.swift in Sources */,
			);
			runOnlyForDeploymentPostprocessing = 0;
		};
		A058580227D1EA2F007EDE73 /* Sources */ = {
			isa = PBXSourcesBuildPhase;
			buildActionMask = 2147483647;
			files = (
				A058582427D1EC3C007EDE73 /* QuoteScreen.swift in Sources */,
				A058582C27D1EEE6007EDE73 /* QoutesService.swift in Sources */,
				A058584527D3410A007EDE73 /* Credentials.swift in Sources */,
				A058582827D1EE02007EDE73 /* QuoteView.swift in Sources */,
				A058581F27D1EB2D007EDE73 /* Quote.swift in Sources */,
				A058585A27D34B58007EDE73 /* AuthenticationViewModel.swift in Sources */,
				A058584A27D34164007EDE73 /* AuthService.swift in Sources */,
				A058583027D1EF8F007EDE73 /* QuotesViewModel.swift in Sources */,
				A058585627D34760007EDE73 /* LoginScreen.swift in Sources */,
				A058585227D34439007EDE73 /* LoginViewModel.swift in Sources */,
				A058580A27D1EA2F007EDE73 /* AnimeQuotesApp.swift in Sources */,
				A058583F27D2070E007EDE73 /* PagingData.swift in Sources */,
				A058581A27D1EA5F007EDE73 /* APIConstants.swift in Sources */,
				A058583C27D1F609007EDE73 /* LoadingView.swift in Sources */,
			);
			runOnlyForDeploymentPostprocessing = 0;
		};
/* End PBXSourcesBuildPhase section */

/* Begin XCBuildConfiguration section */
		A058580F27D1EA2F007EDE73 /* Debug */ = {
			isa = XCBuildConfiguration;
			buildSettings = {
				ALWAYS_SEARCH_USER_PATHS = NO;
				CLANG_ANALYZER_NONNULL = YES;
				CLANG_ANALYZER_NUMBER_OBJECT_CONVERSION = YES_AGGRESSIVE;
				CLANG_CXX_LANGUAGE_STANDARD = "gnu++17";
				CLANG_CXX_LIBRARY = "libc++";
				CLANG_ENABLE_MODULES = YES;
				CLANG_ENABLE_OBJC_ARC = YES;
				CLANG_ENABLE_OBJC_WEAK = YES;
				CLANG_WARN_BLOCK_CAPTURE_AUTORELEASING = YES;
				CLANG_WARN_BOOL_CONVERSION = YES;
				CLANG_WARN_COMMA = YES;
				CLANG_WARN_CONSTANT_CONVERSION = YES;
				CLANG_WARN_DEPRECATED_OBJC_IMPLEMENTATIONS = YES;
				CLANG_WARN_DIRECT_OBJC_ISA_USAGE = YES_ERROR;
				CLANG_WARN_DOCUMENTATION_COMMENTS = YES;
				CLANG_WARN_EMPTY_BODY = YES;
				CLANG_WARN_ENUM_CONVERSION = YES;
				CLANG_WARN_INFINITE_RECURSION = YES;
				CLANG_WARN_INT_CONVERSION = YES;
				CLANG_WARN_NON_LITERAL_NULL_CONVERSION = YES;
				CLANG_WARN_OBJC_IMPLICIT_RETAIN_SELF = YES;
				CLANG_WARN_OBJC_LITERAL_CONVERSION = YES;
				CLANG_WARN_OBJC_ROOT_CLASS = YES_ERROR;
				CLANG_WARN_QUOTED_INCLUDE_IN_FRAMEWORK_HEADER = YES;
				CLANG_WARN_RANGE_LOOP_ANALYSIS = YES;
				CLANG_WARN_STRICT_PROTOTYPES = YES;
				CLANG_WARN_SUSPICIOUS_MOVE = YES;
				CLANG_WARN_UNGUARDED_AVAILABILITY = YES_AGGRESSIVE;
				CLANG_WARN_UNREACHABLE_CODE = YES;
				CLANG_WARN__DUPLICATE_METHOD_MATCH = YES;
				COPY_PHASE_STRIP = NO;
				DEBUG_INFORMATION_FORMAT = dwarf;
				ENABLE_STRICT_OBJC_MSGSEND = YES;
				ENABLE_TESTABILITY = YES;
				GCC_C_LANGUAGE_STANDARD = gnu11;
				GCC_DYNAMIC_NO_PIC = NO;
				GCC_NO_COMMON_BLOCKS = YES;
				GCC_OPTIMIZATION_LEVEL = 0;
				GCC_PREPROCESSOR_DEFINITIONS = (
					"DEBUG=1",
					"$(inherited)",
				);
				GCC_WARN_64_TO_32_BIT_CONVERSION = YES;
				GCC_WARN_ABOUT_RETURN_TYPE = YES_ERROR;
				GCC_WARN_UNDECLARED_SELECTOR = YES;
				GCC_WARN_UNINITIALIZED_AUTOS = YES_AGGRESSIVE;
				GCC_WARN_UNUSED_FUNCTION = YES;
				GCC_WARN_UNUSED_VARIABLE = YES;
				MTL_ENABLE_DEBUG_INFO = INCLUDE_SOURCE;
				MTL_FAST_MATH = YES;
				ONLY_ACTIVE_ARCH = YES;
				SWIFT_ACTIVE_COMPILATION_CONDITIONS = DEBUG;
				SWIFT_OPTIMIZATION_LEVEL = "-Onone";
			};
			name = Debug;
		};
		A058581027D1EA2F007EDE73 /* Release */ = {
			isa = XCBuildConfiguration;
			buildSettings = {
				ALWAYS_SEARCH_USER_PATHS = NO;
				CLANG_ANALYZER_NONNULL = YES;
				CLANG_ANALYZER_NUMBER_OBJECT_CONVERSION = YES_AGGRESSIVE;
				CLANG_CXX_LANGUAGE_STANDARD = "gnu++17";
				CLANG_CXX_LIBRARY = "libc++";
				CLANG_ENABLE_MODULES = YES;
				CLANG_ENABLE_OBJC_ARC = YES;
				CLANG_ENABLE_OBJC_WEAK = YES;
				CLANG_WARN_BLOCK_CAPTURE_AUTORELEASING = YES;
				CLANG_WARN_BOOL_CONVERSION = YES;
				CLANG_WARN_COMMA = YES;
				CLANG_WARN_CONSTANT_CONVERSION = YES;
				CLANG_WARN_DEPRECATED_OBJC_IMPLEMENTATIONS = YES;
				CLANG_WARN_DIRECT_OBJC_ISA_USAGE = YES_ERROR;
				CLANG_WARN_DOCUMENTATION_COMMENTS = YES;
				CLANG_WARN_EMPTY_BODY = YES;
				CLANG_WARN_ENUM_CONVERSION = YES;
				CLANG_WARN_INFINITE_RECURSION = YES;
				CLANG_WARN_INT_CONVERSION = YES;
				CLANG_WARN_NON_LITERAL_NULL_CONVERSION = YES;
				CLANG_WARN_OBJC_IMPLICIT_RETAIN_SELF = YES;
				CLANG_WARN_OBJC_LITERAL_CONVERSION = YES;
				CLANG_WARN_OBJC_ROOT_CLASS = YES_ERROR;
				CLANG_WARN_QUOTED_INCLUDE_IN_FRAMEWORK_HEADER = YES;
				CLANG_WARN_RANGE_LOOP_ANALYSIS = YES;
				CLANG_WARN_STRICT_PROTOTYPES = YES;
				CLANG_WARN_SUSPICIOUS_MOVE = YES;
				CLANG_WARN_UNGUARDED_AVAILABILITY = YES_AGGRESSIVE;
				CLANG_WARN_UNREACHABLE_CODE = YES;
				CLANG_WARN__DUPLICATE_METHOD_MATCH = YES;
				COPY_PHASE_STRIP = NO;
				DEBUG_INFORMATION_FORMAT = "dwarf-with-dsym";
				ENABLE_NS_ASSERTIONS = NO;
				ENABLE_STRICT_OBJC_MSGSEND = YES;
				GCC_C_LANGUAGE_STANDARD = gnu11;
				GCC_NO_COMMON_BLOCKS = YES;
				GCC_WARN_64_TO_32_BIT_CONVERSION = YES;
				GCC_WARN_ABOUT_RETURN_TYPE = YES_ERROR;
				GCC_WARN_UNDECLARED_SELECTOR = YES;
				GCC_WARN_UNINITIALIZED_AUTOS = YES_AGGRESSIVE;
				GCC_WARN_UNUSED_FUNCTION = YES;
				GCC_WARN_UNUSED_VARIABLE = YES;
				MTL_ENABLE_DEBUG_INFO = NO;
				MTL_FAST_MATH = YES;
				SWIFT_COMPILATION_MODE = wholemodule;
				SWIFT_OPTIMIZATION_LEVEL = "-O";
			};
			name = Release;
		};
		A058581227D1EA2F007EDE73 /* Debug */ = {
			isa = XCBuildConfiguration;
			buildSettings = {
				ASSETCATALOG_COMPILER_APPICON_NAME = AppIcon;
				ASSETCATALOG_COMPILER_GLOBAL_ACCENT_COLOR_NAME = AccentColor;
				CODE_SIGN_STYLE = Automatic;
				CURRENT_PROJECT_VERSION = 1;
				DEVELOPMENT_TEAM = 7KN966P9LP;
				ENABLE_PREVIEWS = YES;
				GENERATE_INFOPLIST_FILE = YES;
				INFOPLIST_KEY_UIApplicationSceneManifest_Generation = YES;
				INFOPLIST_KEY_UIApplicationSupportsIndirectInputEvents = YES;
				INFOPLIST_KEY_UILaunchScreen_Generation = YES;
				INFOPLIST_KEY_UISupportedInterfaceOrientations_iPad = "UIInterfaceOrientationPortrait UIInterfaceOrientationPortraitUpsideDown UIInterfaceOrientationLandscapeLeft UIInterfaceOrientationLandscapeRight";
				INFOPLIST_KEY_UISupportedInterfaceOrientations_iPhone = "UIInterfaceOrientationPortrait UIInterfaceOrientationLandscapeLeft UIInterfaceOrientationLandscapeRight";
				IPHONEOS_DEPLOYMENT_TARGET = 15.2;
				LD_RUNPATH_SEARCH_PATHS = (
					"$(inherited)",
					"@executable_path/Frameworks",
				);
				MARKETING_VERSION = 1.0;
				PRODUCT_BUNDLE_IDENTIFIER = "com.lukaszstachnik.Anime-Quotes";
				PRODUCT_NAME = "Anime-Quotes";
				SDKROOT = iphoneos;
				SWIFT_EMIT_LOC_STRINGS = YES;
				SWIFT_VERSION = 5.0;
				TARGETED_DEVICE_FAMILY = "1,2";
			};
			name = Debug;
		};
		A058581327D1EA2F007EDE73 /* Release */ = {
			isa = XCBuildConfiguration;
			buildSettings = {
				ASSETCATALOG_COMPILER_APPICON_NAME = AppIcon;
				ASSETCATALOG_COMPILER_GLOBAL_ACCENT_COLOR_NAME = AccentColor;
				CODE_SIGN_STYLE = Automatic;
				CURRENT_PROJECT_VERSION = 1;
				DEVELOPMENT_TEAM = 7KN966P9LP;
				ENABLE_PREVIEWS = YES;
				GENERATE_INFOPLIST_FILE = YES;
				INFOPLIST_KEY_UIApplicationSceneManifest_Generation = YES;
				INFOPLIST_KEY_UIApplicationSupportsIndirectInputEvents = YES;
				INFOPLIST_KEY_UILaunchScreen_Generation = YES;
				INFOPLIST_KEY_UISupportedInterfaceOrientations_iPad = "UIInterfaceOrientationPortrait UIInterfaceOrientationPortraitUpsideDown UIInterfaceOrientationLandscapeLeft UIInterfaceOrientationLandscapeRight";
				INFOPLIST_KEY_UISupportedInterfaceOrientations_iPhone = "UIInterfaceOrientationPortrait UIInterfaceOrientationLandscapeLeft UIInterfaceOrientationLandscapeRight";
				IPHONEOS_DEPLOYMENT_TARGET = 15.2;
				LD_RUNPATH_SEARCH_PATHS = (
					"$(inherited)",
					"@executable_path/Frameworks",
				);
				MARKETING_VERSION = 1.0;
				PRODUCT_BUNDLE_IDENTIFIER = "com.lukaszstachnik.Anime-Quotes";
				PRODUCT_NAME = "Anime-Quotes";
				SDKROOT = iphoneos;
				SWIFT_EMIT_LOC_STRINGS = YES;
				SWIFT_VERSION = 5.0;
				TARGETED_DEVICE_FAMILY = "1,2";
				VALIDATE_PRODUCT = YES;
			};
			name = Release;
		};
		A058581527D1EA2F007EDE73 /* Debug */ = {
			isa = XCBuildConfiguration;
			buildSettings = {
				ASSETCATALOG_COMPILER_APPICON_NAME = AppIcon;
				ASSETCATALOG_COMPILER_GLOBAL_ACCENT_COLOR_NAME = AccentColor;
				CODE_SIGN_ENTITLEMENTS = macOS/macOS.entitlements;
				CODE_SIGN_STYLE = Automatic;
				COMBINE_HIDPI_IMAGES = YES;
				CURRENT_PROJECT_VERSION = 1;
				DEVELOPMENT_TEAM = 7KN966P9LP;
				ENABLE_HARDENED_RUNTIME = YES;
				ENABLE_PREVIEWS = YES;
				GENERATE_INFOPLIST_FILE = YES;
				INFOPLIST_KEY_NSHumanReadableCopyright = "";
				LD_RUNPATH_SEARCH_PATHS = (
					"$(inherited)",
					"@executable_path/../Frameworks",
				);
				MACOSX_DEPLOYMENT_TARGET = 12.1;
				MARKETING_VERSION = 1.0;
				PRODUCT_BUNDLE_IDENTIFIER = "com.lukaszstachnik.Anime-Quotes";
				PRODUCT_NAME = "Anime-Quotes";
				SDKROOT = macosx;
				SWIFT_EMIT_LOC_STRINGS = YES;
				SWIFT_VERSION = 5.0;
			};
			name = Debug;
		};
		A058581627D1EA2F007EDE73 /* Release */ = {
			isa = XCBuildConfiguration;
			buildSettings = {
				ASSETCATALOG_COMPILER_APPICON_NAME = AppIcon;
				ASSETCATALOG_COMPILER_GLOBAL_ACCENT_COLOR_NAME = AccentColor;
				CODE_SIGN_ENTITLEMENTS = macOS/macOS.entitlements;
				CODE_SIGN_STYLE = Automatic;
				COMBINE_HIDPI_IMAGES = YES;
				CURRENT_PROJECT_VERSION = 1;
				DEVELOPMENT_TEAM = 7KN966P9LP;
				ENABLE_HARDENED_RUNTIME = YES;
				ENABLE_PREVIEWS = YES;
				GENERATE_INFOPLIST_FILE = YES;
				INFOPLIST_KEY_NSHumanReadableCopyright = "";
				LD_RUNPATH_SEARCH_PATHS = (
					"$(inherited)",
					"@executable_path/../Frameworks",
				);
				MACOSX_DEPLOYMENT_TARGET = 12.1;
				MARKETING_VERSION = 1.0;
				PRODUCT_BUNDLE_IDENTIFIER = "com.lukaszstachnik.Anime-Quotes";
				PRODUCT_NAME = "Anime-Quotes";
				SDKROOT = macosx;
				SWIFT_EMIT_LOC_STRINGS = YES;
				SWIFT_VERSION = 5.0;
			};
			name = Release;
		};
/* End XCBuildConfiguration section */

/* Begin XCConfigurationList section */
		A05857F727D1EA2E007EDE73 /* Build configuration list for PBXProject "Anime-Quotes" */ = {
			isa = XCConfigurationList;
			buildConfigurations = (
				A058580F27D1EA2F007EDE73 /* Debug */,
				A058581027D1EA2F007EDE73 /* Release */,
			);
			defaultConfigurationIsVisible = 0;
			defaultConfigurationName = Release;
		};
		A058581127D1EA2F007EDE73 /* Build configuration list for PBXNativeTarget "Anime-Quotes (iOS)" */ = {
			isa = XCConfigurationList;
			buildConfigurations = (
				A058581227D1EA2F007EDE73 /* Debug */,
				A058581327D1EA2F007EDE73 /* Release */,
			);
			defaultConfigurationIsVisible = 0;
			defaultConfigurationName = Release;
		};
		A058581427D1EA2F007EDE73 /* Build configuration list for PBXNativeTarget "Anime-Quotes (macOS)" */ = {
			isa = XCConfigurationList;
			buildConfigurations = (
				A058581527D1EA2F007EDE73 /* Debug */,
				A058581627D1EA2F007EDE73 /* Release */,
			);
			defaultConfigurationIsVisible = 0;
			defaultConfigurationName = Release;
		};
/* End XCConfigurationList section */

/* Begin XCRemoteSwiftPackageReference section */
		A058583127D1F296007EDE73 /* XCRemoteSwiftPackageReference "IteoLogger" */ = {
			isa = XCRemoteSwiftPackageReference;
			repositoryURL = "https://github.com/psredzinski/IteoLogger";
			requirement = {
				kind = upToNextMajorVersion;
				minimumVersion = 1.0.0;
			};
		};
/* End XCRemoteSwiftPackageReference section */

/* Begin XCSwiftPackageProductDependency section */
		A058583227D1F296007EDE73 /* IteoLogger */ = {
			isa = XCSwiftPackageProductDependency;
			package = A058583127D1F296007EDE73 /* XCRemoteSwiftPackageReference "IteoLogger" */;
			productName = IteoLogger;
		};
/* End XCSwiftPackageProductDependency section */
	};
	rootObject = A05857F427D1EA2E007EDE73 /* Project object */;
}
